// !$*UTF8*$!
{
	archiveVersion = 1;
	classes = {
	};
	objectVersion = 48;
	objects = {

/* Begin PBXBuildFile section */
		C77B229920607FCE000B16A1 /* PhotoDataSource.swift in Sources */ = {isa = PBXBuildFile; fileRef = C77B229820607FCE000B16A1 /* PhotoDataSource.swift */; };
		C77B229B20608645000B16A1 /* PhotoCollectionViewCell.swift in Sources */ = {isa = PBXBuildFile; fileRef = C77B229A20608645000B16A1 /* PhotoCollectionViewCell.swift */; };
		C7D11C352057511C00DA2928 /* AppDelegate.swift in Sources */ = {isa = PBXBuildFile; fileRef = C7D11C342057511C00DA2928 /* AppDelegate.swift */; };
		C7D11C3A2057511C00DA2928 /* Main.storyboard in Resources */ = {isa = PBXBuildFile; fileRef = C7D11C382057511C00DA2928 /* Main.storyboard */; };
		C7D11C3C2057511C00DA2928 /* Assets.xcassets in Resources */ = {isa = PBXBuildFile; fileRef = C7D11C3B2057511C00DA2928 /* Assets.xcassets */; };
		C7D11C3F2057511C00DA2928 /* LaunchScreen.storyboard in Resources */ = {isa = PBXBuildFile; fileRef = C7D11C3D2057511C00DA2928 /* LaunchScreen.storyboard */; };
		C7D11C472057514800DA2928 /* PhotosViewController.swift in Sources */ = {isa = PBXBuildFile; fileRef = C7D11C462057514800DA2928 /* PhotosViewController.swift */; };
		C7D11C492057514800DA2928 /* FlickrAPI.swift in Sources */ = {isa = PBXBuildFile; fileRef = C7D11C482057514800DA2928 /* FlickrAPI.swift */; };
		C7D11C4B2057514800DA2928 /* PhotoStore.swift in Sources */ = {isa = PBXBuildFile; fileRef = C7D11C4A2057514800DA2928 /* PhotoStore.swift */; };
		C7D11C4D2057514800DA2928 /* Photo.swift in Sources */ = {isa = PBXBuildFile; fileRef = C7D11C4C2057514800DA2928 /* Photo.swift */; };
/* End PBXBuildFile section */

/* Begin PBXFileReference section */
		C77B229820607FCE000B16A1 /* PhotoDataSource.swift */ = {isa = PBXFileReference; lastKnownFileType = sourcecode.swift; path = PhotoDataSource.swift; sourceTree = "<group>"; };
		C77B229A20608645000B16A1 /* PhotoCollectionViewCell.swift */ = {isa = PBXFileReference; lastKnownFileType = sourcecode.swift; path = PhotoCollectionViewCell.swift; sourceTree = "<group>"; };
		C7D11C312057511C00DA2928 /* Photorama.app */ = {isa = PBXFileReference; explicitFileType = wrapper.application; includeInIndex = 0; path = Photorama.app; sourceTree = BUILT_PRODUCTS_DIR; };
		C7D11C342057511C00DA2928 /* AppDelegate.swift */ = {isa = PBXFileReference; lastKnownFileType = sourcecode.swift; path = AppDelegate.swift; sourceTree = "<group>"; };
		C7D11C392057511C00DA2928 /* Base */ = {isa = PBXFileReference; lastKnownFileType = file.storyboard; name = Base; path = Base.lproj/Main.storyboard; sourceTree = "<group>"; };
		C7D11C3B2057511C00DA2928 /* Assets.xcassets */ = {isa = PBXFileReference; lastKnownFileType = folder.assetcatalog; path = Assets.xcassets; sourceTree = "<group>"; };
		C7D11C3E2057511C00DA2928 /* Base */ = {isa = PBXFileReference; lastKnownFileType = file.storyboard; name = Base; path = Base.lproj/LaunchScreen.storyboard; sourceTree = "<group>"; };
		C7D11C402057511C00DA2928 /* Info.plist */ = {isa = PBXFileReference; lastKnownFileType = text.plist.xml; path = Info.plist; sourceTree = "<group>"; };
		C7D11C462057514800DA2928 /* PhotosViewController.swift */ = {isa = PBXFileReference; lastKnownFileType = sourcecode.swift; path = PhotosViewController.swift; sourceTree = "<group>"; };
		C7D11C482057514800DA2928 /* FlickrAPI.swift */ = {isa = PBXFileReference; lastKnownFileType = sourcecode.swift; path = FlickrAPI.swift; sourceTree = "<group>"; };
		C7D11C4A2057514800DA2928 /* PhotoStore.swift */ = {isa = PBXFileReference; lastKnownFileType = sourcecode.swift; path = PhotoStore.swift; sourceTree = "<group>"; };
		C7D11C4C2057514800DA2928 /* Photo.swift */ = {isa = PBXFileReference; lastKnownFileType = sourcecode.swift; path = Photo.swift; sourceTree = "<group>"; };
/* End PBXFileReference section */

/* Begin PBXFrameworksBuildPhase section */
		C7D11C2E2057511C00DA2928 /* Frameworks */ = {
			isa = PBXFrameworksBuildPhase;
			buildActionMask = 2147483647;
			files = (
			);
			runOnlyForDeploymentPostprocessing = 0;
		};
/* End PBXFrameworksBuildPhase section */

/* Begin PBXGroup section */
		C7D11C282057511C00DA2928 = {
			isa = PBXGroup;
			children = (
				C7D11C332057511C00DA2928 /* Photorama */,
				C7D11C322057511C00DA2928 /* Products */,
			);
			sourceTree = "<group>";
		};
		C7D11C322057511C00DA2928 /* Products */ = {
			isa = PBXGroup;
			children = (
				C7D11C312057511C00DA2928 /* Photorama.app */,
			);
			name = Products;
			sourceTree = "<group>";
		};
		C7D11C332057511C00DA2928 /* Photorama */ = {
			isa = PBXGroup;
			children = (
				C7D11C342057511C00DA2928 /* AppDelegate.swift */,
				C7D11C382057511C00DA2928 /* Main.storyboard */,
				C7D11C3B2057511C00DA2928 /* Assets.xcassets */,
				C7D11C3D2057511C00DA2928 /* LaunchScreen.storyboard */,
				C7D11C402057511C00DA2928 /* Info.plist */,
				C7D11C462057514800DA2928 /* PhotosViewController.swift */,
				C7D11C482057514800DA2928 /* FlickrAPI.swift */,
				C7D11C4A2057514800DA2928 /* PhotoStore.swift */,
				C7D11C4C2057514800DA2928 /* Photo.swift */,
				C77B229820607FCE000B16A1 /* PhotoDataSource.swift */,
				C77B229A20608645000B16A1 /* PhotoCollectionViewCell.swift */,
			);
			path = Photorama;
			sourceTree = "<group>";
		};
/* End PBXGroup section */

/* Begin PBXNativeTarget section */
		C7D11C302057511C00DA2928 /* Photorama */ = {
			isa = PBXNativeTarget;
			buildConfigurationList = C7D11C432057511C00DA2928 /* Build configuration list for PBXNativeTarget "Photorama" */;
			buildPhases = (
				C7D11C2D2057511C00DA2928 /* Sources */,
				C7D11C2E2057511C00DA2928 /* Frameworks */,
				C7D11C2F2057511C00DA2928 /* Resources */,
			);
			buildRules = (
			);
			dependencies = (
			);
			name = Photorama;
			productName = Photorama;
			productReference = C7D11C312057511C00DA2928 /* Photorama.app */;
			productType = "com.apple.product-type.application";
		};
/* End PBXNativeTarget section */

/* Begin PBXProject section */
		C7D11C292057511C00DA2928 /* Project object */ = {
			isa = PBXProject;
			attributes = {
				LastSwiftUpdateCheck = 0920;
				LastUpgradeCheck = 0920;
				ORGANIZATIONNAME = on;
				TargetAttributes = {
					C7D11C302057511C00DA2928 = {
						CreatedOnToolsVersion = 9.2;
						ProvisioningStyle = Automatic;
					};
				};
			};
			buildConfigurationList = C7D11C2C2057511C00DA2928 /* Build configuration list for PBXProject "Photorama" */;
			compatibilityVersion = "Xcode 8.0";
			developmentRegion = en;
			hasScannedForEncodings = 0;
			knownRegions = (
				en,
				Base,
			);
			mainGroup = C7D11C282057511C00DA2928;
			productRefGroup = C7D11C322057511C00DA2928 /* Products */;
			projectDirPath = "";
			projectRoot = "";
			targets = (
				C7D11C302057511C00DA2928 /* Photorama */,
			);
		};
/* End PBXProject section */

/* Begin PBXResourcesBuildPhase section */
		C7D11C2F2057511C00DA2928 /* Resources */ = {
			isa = PBXResourcesBuildPhase;
			buildActionMask = 2147483647;
			files = (
				C7D11C3F2057511C00DA2928 /* LaunchScreen.storyboard in Resources */,
				C7D11C3C2057511C00DA2928 /* Assets.xcassets in Resources */,
				C7D11C3A2057511C00DA2928 /* Main.storyboard in Resources */,
			);
			runOnlyForDeploymentPostprocessing = 0;
		};
/* End PBXResourcesBuildPhase section */

/* Begin PBXSourcesBuildPhase section */
		C7D11C2D2057511C00DA2928 /* Sources */ = {
			isa = PBXSourcesBuildPhase;
			buildActionMask = 2147483647;
			files = (
				C7D11C492057514800DA2928 /* FlickrAPI.swift in Sources */,
				C7D11C472057514800DA2928 /* PhotosViewController.swift in Sources */,
				C7D11C4B2057514800DA2928 /* PhotoStore.swift in Sources */,
				C77B229920607FCE000B16A1 /* PhotoDataSource.swift in Sources */,
				C77B229B20608645000B16A1 /* PhotoCollectionViewCell.swift in Sources */,
				C7D11C352057511C00DA2928 /* AppDelegate.swift in Sources */,
				C7D11C4D2057514800DA2928 /* Photo.swift in Sources */,
			);
			runOnlyForDeploymentPostprocessing = 0;
		};
/* End PBXSourcesBuildPhase section */

/* Begin PBXVariantGroup section */
		C7D11C382057511C00DA2928 /* Main.storyboard */ = {
			isa = PBXVariantGroup;
			children = (
				C7D11C392057511C00DA2928 /* Base */,
			);
			name = Main.storyboard;
			sourceTree = "<group>";
		};
		C7D11C3D2057511C00DA2928 /* LaunchScreen.storyboard */ = {
			isa = PBXVariantGroup;
			children = (
				C7D11C3E2057511C00DA2928 /* Base */,
			);
			name = LaunchScreen.storyboard;
			sourceTree = "<group>";
		};
/* End PBXVariantGroup section */

/* Begin XCBuildConfiguration section */
		C7D11C412057511C00DA2928 /* Debug */ = {
			isa = XCBuildConfiguration;
			buildSettings = {
				ALWAYS_SEARCH_USER_PATHS = NO;
				CLANG_ANALYZER_NONNULL = YES;
				CLANG_ANALYZER_NUMBER_OBJECT_CONVERSION = YES_AGGRESSIVE;
				CLANG_CXX_LANGUAGE_STANDARD = "gnu++14";
				CLANG_CXX_LIBRARY = "libc++";
				CLANG_ENABLE_MODULES = YES;
				CLANG_ENABLE_OBJC_ARC = YES;
				CLANG_WARN_BLOCK_CAPTURE_AUTORELEASING = YES;
				CLANG_WARN_BOOL_CONVERSION = YES;
				CLANG_WARN_COMMA = YES;
				CLANG_WARN_CONSTANT_CONVERSION = YES;
				CLANG_WARN_DIRECT_OBJC_ISA_USAGE = YES_ERROR;
				CLANG_WARN_DOCUMENTATION_COMMENTS = YES;
				CLANG_WARN_EMPTY_BODY = YES;
				CLANG_WARN_ENUM_CONVERSION = YES;
				CLANG_WARN_INFINITE_RECURSION = YES;
				CLANG_WARN_INT_CONVERSION = YES;
				CLANG_WARN_NON_LITERAL_NULL_CONVERSION = YES;
				CLANG_WARN_OBJC_LITERAL_CONVERSION = YES;
				CLANG_WARN_OBJC_ROOT_CLASS = YES_ERROR;
				CLANG_WARN_RANGE_LOOP_ANALYSIS = YES;
				CLANG_WARN_STRICT_PROTOTYPES = YES;
				CLANG_WARN_SUSPICIOUS_MOVE = YES;
				CLANG_WARN_UNGUARDED_AVAILABILITY = YES_AGGRESSIVE;
				CLANG_WARN_UNREACHABLE_CODE = YES;
				CLANG_WARN__DUPLICATE_METHOD_MATCH = YES;
				CODE_SIGN_IDENTITY = "iPhone Developer";
				COPY_PHASE_STRIP = NO;
				DEBUG_INFORMATION_FORMAT = dwarf;
				ENABLE_STRICT_OBJC_MSGSEND = YES;
				ENABLE_TESTABILITY = YES;
				GCC_C_LANGUAGE_STANDARD = gnu11;
				GCC_DYNAMIC_NO_PIC = NO;
				GCC_NO_COMMON_BLOCKS = YES;
				GCC_OPTIMIZATION_LEVEL = 0;
				GCC_PREPROCESSOR_DEFINITIONS = (
					"DEBUG=1",
					"$(inherited)",
				);
				GCC_WARN_64_TO_32_BIT_CONVERSION = YES;
				GCC_WARN_ABOUT_RETURN_TYPE = YES_ERROR;
				GCC_WARN_UNDECLARED_SELECTOR = YES;
				GCC_WARN_UNINITIALIZED_AUTOS = YES_AGGRESSIVE;
				GCC_WARN_UNUSED_FUNCTION = YES;
				GCC_WARN_UNUSED_VARIABLE = YES;
				IPHONEOS_DEPLOYMENT_TARGET = 11.2;
				MTL_ENABLE_DEBUG_INFO = YES;
				ONLY_ACTIVE_ARCH = YES;
				SDKROOT = iphoneos;
				SWIFT_ACTIVE_COMPILATION_CONDITIONS = DEBUG;
				SWIFT_OPTIMIZATION_LEVEL = "-Onone";
			};
			name = Debug;
		};
		C7D11C422057511C00DA2928 /* Release */ = {
			isa = XCBuildConfiguration;
			buildSettings = {
				ALWAYS_SEARCH_USER_PATHS = NO;
				CLANG_ANALYZER_NONNULL = YES;
				CLANG_ANALYZER_NUMBER_OBJECT_CONVERSION = YES_AGGRESSIVE;
				CLANG_CXX_LANGUAGE_STANDARD = "gnu++14";
				CLANG_CXX_LIBRARY = "libc++";
				CLANG_ENABLE_MODULES = YES;
				CLANG_ENABLE_OBJC_ARC = YES;
				CLANG_WARN_BLOCK_CAPTURE_AUTORELEASING = YES;
				CLANG_WARN_BOOL_CONVERSION = YES;
				CLANG_WARN_COMMA = YES;
				CLANG_WARN_CONSTANT_CONVERSION = YES;
				CLANG_WARN_DIRECT_OBJC_ISA_USAGE = YES_ERROR;
				CLANG_WARN_DOCUMENTATION_COMMENTS = YES;
				CLANG_WARN_EMPTY_BODY = YES;
				CLANG_WARN_ENUM_CONVERSION = YES;
				CLANG_WARN_INFINITE_RECURSION = YES;
				CLANG_WARN_INT_CONVERSION = YES;
				CLANG_WARN_NON_LITERAL_NULL_CONVERSION = YES;
				CLANG_WARN_OBJC_LITERAL_CONVERSION = YES;
				CLANG_WARN_OBJC_ROOT_CLASS = YES_ERROR;
				CLANG_WARN_RANGE_LOOP_ANALYSIS = YES;
				CLANG_WARN_STRICT_PROTOTYPES = YES;
				CLANG_WARN_SUSPICIOUS_MOVE = YES;
				CLANG_WARN_UNGUARDED_AVAILABILITY = YES_AGGRESSIVE;
				CLANG_WARN_UNREACHABLE_CODE = YES;
				CLANG_WARN__DUPLICATE_METHOD_MATCH = YES;
				CODE_SIGN_IDENTITY = "iPhone Developer";
				COPY_PHASE_STRIP = NO;
				DEBUG_INFORMATION_FORMAT = "dwarf-with-dsym";
				ENABLE_NS_ASSERTIONS = NO;
				ENABLE_STRICT_OBJC_MSGSEND = YES;
				GCC_C_LANGUAGE_STANDARD = gnu11;
				GCC_NO_COMMON_BLOCKS = YES;
				GCC_WARN_64_TO_32_BIT_CONVERSION = YES;
				GCC_WARN_ABOUT_RETURN_TYPE = YES_ERROR;
				GCC_WARN_UNDECLARED_SELECTOR = YES;
				GCC_WARN_UNINITIALIZED_AUTOS = YES_AGGRESSIVE;
				GCC_WARN_UNUSED_FUNCTION = YES;
				GCC_WARN_UNUSED_VARIABLE = YES;
				IPHONEOS_DEPLOYMENT_TARGET = 11.2;
				MTL_ENABLE_DEBUG_INFO = NO;
				SDKROOT = iphoneos;
				SWIFT_OPTIMIZATION_LEVEL = "-Owholemodule";
				VALIDATE_PRODUCT = YES;
			};
			name = Release;
		};
		C7D11C442057511C00DA2928 /* Debug */ = {
			isa = XCBuildConfiguration;
			buildSettings = {
				ASSETCATALOG_COMPILER_APPICON_NAME = AppIcon;
				CODE_SIGN_STYLE = Automatic;
				DEVELOPMENT_TEAM = 2BULHRS882;
				INFOPLIST_FILE = Photorama/Info.plist;
				LD_RUNPATH_SEARCH_PATHS = "$(inherited) @executable_path/Frameworks";
				PRODUCT_BUNDLE_IDENTIFIER = com.gotransit.gotrnasitapp.Photorama;
				PRODUCT_NAME = "$(TARGET_NAME)";
				SWIFT_VERSION = 4.0;
				TARGETED_DEVICE_FAMILY = "1,2";
			};
			name = Debug;
		};
		C7D11C452057511C00DA2928 /* Release */ = {
			isa = XCBuildConfiguration;
			buildSettings = {
				ASSETCATALOG_COMPILER_APPICON_NAME = AppIcon;
				CODE_SIGN_STYLE = Automatic;
				DEVELOPMENT_TEAM = 2BULHRS882;
				INFOPLIST_FILE = Photorama/Info.plist;
				LD_RUNPATH_SEARCH_PATHS = "$(inherited) @executable_path/Frameworks";
				PRODUCT_BUNDLE_IDENTIFIER = com.gotransit.gotrnasitapp.Photorama;
				PRODUCT_NAME = "$(TARGET_NAME)";
				SWIFT_VERSION = 4.0;
				TARGETED_DEVICE_FAMILY = "1,2";
			};
			name = Release;
		};
/* End XCBuildConfiguration section */

/* Begin XCConfigurationList section */
		C7D11C2C2057511C00DA2928 /* Build configuration list for PBXProject "Photorama" */ = {
			isa = XCConfigurationList;
			buildConfigurations = (
				C7D11C412057511C00DA2928 /* Debug */,
				C7D11C422057511C00DA2928 /* Release */,
			);
			defaultConfigurationIsVisible = 0;
			defaultConfigurationName = Release;
		};
		C7D11C432057511C00DA2928 /* Build configuration list for PBXNativeTarget "Photorama" */ = {
			isa = XCConfigurationList;
			buildConfigurations = (
				C7D11C442057511C00DA2928 /* Debug */,
				C7D11C452057511C00DA2928 /* Release */,
			);
			defaultConfigurationIsVisible = 0;
			defaultConfigurationName = Release;
		};
/* End XCConfigurationList section */
	};
	rootObject = C7D11C292057511C00DA2928 /* Project object */;
}
